// !$*UTF8*$!
{
	archiveVersion = 1;
	classes = {
	};
	objectVersion = 50;
	objects = {

/* Begin PBXBuildFile section */
		C50FE597245515AE00371593 /* main.cpp in Sources */ = {isa = PBXBuildFile; fileRef = C50FE596245515AE00371593 /* main.cpp */; };
		C50FE5F12455237200371593 /* name.c in Sources */ = {isa = PBXBuildFile; fileRef = C50FE5EE2455237200371593 /* name.c */; };
		C52FE5A9245515AE00371593 /* MIDIRouter_Library.h in Sources */ = {isa = PBXBuildFile; fileRef = C50FE5A9245515AE00371593 /* MIDIRouter_Library.h */; };
		C52FE5AC245515AE00371593 /* MIDIRouter.ino in Sources */ = {isa = PBXBuildFile; fileRef = C50FE5AC245515AE00371593 /* MIDIRouter.ino */; };
		C52FE5DF2455166100371593 /* MIDIRouter_Library_Defs.h in Sources */ = {isa = PBXBuildFile; fileRef = C50FE5DF2455166100371593 /* MIDIRouter_Library_Defs.h */; };
		C52FE5E02455167B00371593 /* MIDIRouter_Library_Namespace.h in Sources */ = {isa = PBXBuildFile; fileRef = C50FE5E02455167B00371593 /* MIDIRouter_Library_Namespace.h */; };
		C52FE5E1245518E800371593 /* MidiFilter.h in Sources */ = {isa = PBXBuildFile; fileRef = C50FE5E1245518E800371593 /* MidiFilter.h */; };
		C52FE5E2245518E800371593 /* MRIOInterface.h in Sources */ = {isa = PBXBuildFile; fileRef = C50FE5E2245518E800371593 /* MRIOInterface.h */; };
		C52FE5E3245518E800371593 /* MRPorts.h in Sources */ = {isa = PBXBuildFile; fileRef = C50FE5E3245518E800371593 /* MRPorts.h */; };
		C52FE5E4245518E800371593 /* MRIOInterface.hpp in Sources */ = {isa = PBXBuildFile; fileRef = C50FE5E4245518E800371593 /* MRIOInterface.hpp */; };
		C52FE5E5245518E800371593 /* MidiFilter.hpp in Sources */ = {isa = PBXBuildFile; fileRef = C50FE5E5245518E800371593 /* MidiFilter.hpp */; };
		C52FE5E6245518E900371593 /* MRPorts.hpp in Sources */ = {isa = PBXBuildFile; fileRef = C50FE5E6245518E900371593 /* MRPorts.hpp */; };
		C52FE5E7245518F600371593 /* MIDIRouter_Library.hpp in Sources */ = {isa = PBXBuildFile; fileRef = C50FE5E7245518F600371593 /* MIDIRouter_Library.hpp */; };
		C52FE5E82455237000371593 /* ColorCalc.h in Sources */ = {isa = PBXBuildFile; fileRef = C50FE5E82455237000371593 /* ColorCalc.h */; };
		C52FE5E92455237000371593 /* MR_EEPROM.h in Sources */ = {isa = PBXBuildFile; fileRef = C50FE5E92455237000371593 /* MR_EEPROM.h */; };
		C52FE5EA2455237000371593 /* MR_TOUCH.h in Sources */ = {isa = PBXBuildFile; fileRef = C50FE5EA2455237000371593 /* MR_TOUCH.h */; };
		C52FE5EB2455237100371593 /* MR_DAC.h in Sources */ = {isa = PBXBuildFile; fileRef = C50FE5EB2455237100371593 /* MR_DAC.h */; };
		C52FE5EC2455237100371593 /* MR_DRAW.h in Sources */ = {isa = PBXBuildFile; fileRef = C50FE5EC2455237100371593 /* MR_DRAW.h */; };
		C52FE5ED2455237100371593 /* MR_TXT.h in Sources */ = {isa = PBXBuildFile; fileRef = C50FE5ED2455237100371593 /* MR_TXT.h */; };
		C52FE5EF2455237200371593 /* MR_MIDI.h in Sources */ = {isa = PBXBuildFile; fileRef = C50FE5EF2455237200371593 /* MR_MIDI.h */; };
		C52FE5F02455237200371593 /* MR_UTIL.h in Sources */ = {isa = PBXBuildFile; fileRef = C50FE5F02455237200371593 /* MR_UTIL.h */; };
/* End PBXBuildFile section */

/* Begin PBXFileReference section */
		C50FE593245515AE00371593 /* Index */ = {isa = PBXFileReference; explicitFileType = "compiled.mach-o.executable"; includeInIndex = 0; path = Index; sourceTree = BUILT_PRODUCTS_DIR; };
		C50FE596245515AE00371593 /* main.cpp */ = {isa = PBXFileReference; lastKnownFileType = sourcecode.cpp.cpp; path = main.cpp; sourceTree = "<group>"; };
		C50FE598245515AE00371593 /* Makefile */ = {isa = PBXFileReference; explicitFileType = sourcecode.make; path = Makefile; sourceTree = "<group>"; };
		C50FE59A245515AE00371593 /* Doxyfile */ = {isa = PBXFileReference; explicitFileType = sourcecode.make; path = Doxyfile; sourceTree = "<group>"; };
		C50FE59B245515AE00371593 /* ReadMe.txt */ = {isa = PBXFileReference; lastKnownFileType = text; path = ReadMe.txt; sourceTree = "<group>"; };
		C50FE59D245515AE00371593 /* Glowdeck (Bluetooth).xcconfig */ = {isa = PBXFileReference; lastKnownFileType = text.xcconfig; path = "Glowdeck (Bluetooth).xcconfig"; sourceTree = "<group>"; };
		C50FE59E245515AE00371593 /* Glowdeck (J-Link).xcconfig */ = {isa = PBXFileReference; lastKnownFileType = text.xcconfig; path = "Glowdeck (J-Link).xcconfig"; sourceTree = "<group>"; };
		C50FE59F245515AE00371593 /* Glowdeck (USB).xcconfig */ = {isa = PBXFileReference; lastKnownFileType = text.xcconfig; path = "Glowdeck (USB).xcconfig"; sourceTree = "<group>"; };
		C50FE5A0245515AE00371593 /* Teensy 2.0.xcconfig */ = {isa = PBXFileReference; lastKnownFileType = text.xcconfig; path = "Teensy 2.0.xcconfig"; sourceTree = "<group>"; };
		C50FE5A1245515AE00371593 /* Teensy 3.0.xcconfig */ = {isa = PBXFileReference; lastKnownFileType = text.xcconfig; path = "Teensy 3.0.xcconfig"; sourceTree = "<group>"; };
		C50FE5A2245515AE00371593 /* Teensy 3.1.xcconfig */ = {isa = PBXFileReference; lastKnownFileType = text.xcconfig; path = "Teensy 3.1.xcconfig"; sourceTree = "<group>"; };
		C50FE5A3245515AE00371593 /* Teensy 3.2.xcconfig */ = {isa = PBXFileReference; lastKnownFileType = text.xcconfig; path = "Teensy 3.2.xcconfig"; sourceTree = "<group>"; };
		C50FE5A4245515AE00371593 /* Teensy 3.5.xcconfig */ = {isa = PBXFileReference; lastKnownFileType = text.xcconfig; path = "Teensy 3.5.xcconfig"; sourceTree = "<group>"; };
		C50FE5A5245515AE00371593 /* Teensy 3.6.xcconfig */ = {isa = PBXFileReference; lastKnownFileType = text.xcconfig; path = "Teensy 3.6.xcconfig"; sourceTree = "<group>"; };
		C50FE5A6245515AE00371593 /* Teensy 4.0.xcconfig */ = {isa = PBXFileReference; lastKnownFileType = text.xcconfig; path = "Teensy 4.0.xcconfig"; sourceTree = "<group>"; };
		C50FE5A7245515AE00371593 /* Teensy LC.xcconfig */ = {isa = PBXFileReference; lastKnownFileType = text.xcconfig; path = "Teensy LC.xcconfig"; sourceTree = "<group>"; };
		C50FE5A8245515AE00371593 /* My Board.xcconfig */ = {isa = PBXFileReference; lastKnownFileType = text.xcconfig; path = "My Board.xcconfig"; sourceTree = "<group>"; };
		C50FE5A9245515AE00371593 /* MIDIRouter_Library.h */ = {isa = PBXFileReference; lastKnownFileType = sourcecode.c.h; path = MIDIRouter_Library.h; sourceTree = "<group>"; };
		C50FE5AC245515AE00371593 /* MIDIRouter.ino */ = {isa = PBXFileReference; explicitFileType = sourcecode.cpp.cpp; path = MIDIRouter.ino; sourceTree = "<group>"; };
		C50FE5DF2455166100371593 /* MIDIRouter_Library_Defs.h */ = {isa = PBXFileReference; lastKnownFileType = sourcecode.c.h; path = MIDIRouter_Library_Defs.h; sourceTree = "<group>"; };
		C50FE5E02455167B00371593 /* MIDIRouter_Library_Namespace.h */ = {isa = PBXFileReference; lastKnownFileType = sourcecode.c.h; path = MIDIRouter_Library_Namespace.h; sourceTree = "<group>"; };
		C50FE5E1245518E800371593 /* MidiFilter.h */ = {isa = PBXFileReference; lastKnownFileType = sourcecode.c.h; path = MidiFilter.h; sourceTree = "<group>"; };
		C50FE5E2245518E800371593 /* MRIOInterface.h */ = {isa = PBXFileReference; lastKnownFileType = sourcecode.c.h; path = MRIOInterface.h; sourceTree = "<group>"; };
		C50FE5E3245518E800371593 /* MRPorts.h */ = {isa = PBXFileReference; lastKnownFileType = sourcecode.c.h; path = MRPorts.h; sourceTree = "<group>"; };
		C50FE5E4245518E800371593 /* MRIOInterface.hpp */ = {isa = PBXFileReference; lastKnownFileType = sourcecode.cpp.h; path = MRIOInterface.hpp; sourceTree = "<group>"; };
		C50FE5E5245518E800371593 /* MidiFilter.hpp */ = {isa = PBXFileReference; lastKnownFileType = sourcecode.cpp.h; path = MidiFilter.hpp; sourceTree = "<group>"; };
		C50FE5E6245518E900371593 /* MRPorts.hpp */ = {isa = PBXFileReference; lastKnownFileType = sourcecode.cpp.h; path = MRPorts.hpp; sourceTree = "<group>"; };
		C50FE5E7245518F600371593 /* MIDIRouter_Library.hpp */ = {isa = PBXFileReference; lastKnownFileType = sourcecode.cpp.h; path = MIDIRouter_Library.hpp; sourceTree = "<group>"; };
		C50FE5E82455237000371593 /* ColorCalc.h */ = {isa = PBXFileReference; fileEncoding = 4; lastKnownFileType = sourcecode.c.h; path = ColorCalc.h; sourceTree = "<group>"; };
		C50FE5E92455237000371593 /* MR_EEPROM.h */ = {isa = PBXFileReference; fileEncoding = 4; lastKnownFileType = sourcecode.c.h; path = MR_EEPROM.h; sourceTree = "<group>"; };
		C50FE5EA2455237000371593 /* MR_TOUCH.h */ = {isa = PBXFileReference; fileEncoding = 4; lastKnownFileType = sourcecode.c.h; path = MR_TOUCH.h; sourceTree = "<group>"; };
		C50FE5EB2455237100371593 /* MR_DAC.h */ = {isa = PBXFileReference; fileEncoding = 4; lastKnownFileType = sourcecode.c.h; path = MR_DAC.h; sourceTree = "<group>"; };
		C50FE5EC2455237100371593 /* MR_DRAW.h */ = {isa = PBXFileReference; fileEncoding = 4; lastKnownFileType = sourcecode.c.h; path = MR_DRAW.h; sourceTree = "<group>"; };
		C50FE5ED2455237100371593 /* MR_TXT.h */ = {isa = PBXFileReference; fileEncoding = 4; lastKnownFileType = sourcecode.c.h; path = MR_TXT.h; sourceTree = "<group>"; };
		C50FE5EE2455237200371593 /* name.c */ = {isa = PBXFileReference; fileEncoding = 4; lastKnownFileType = sourcecode.c.c; path = name.c; sourceTree = "<group>"; };
		C50FE5EF2455237200371593 /* MR_MIDI.h */ = {isa = PBXFileReference; fileEncoding = 4; lastKnownFileType = sourcecode.c.h; path = MR_MIDI.h; sourceTree = "<group>"; };
		C50FE5F02455237200371593 /* MR_UTIL.h */ = {isa = PBXFileReference; fileEncoding = 4; lastKnownFileType = sourcecode.c.h; path = MR_UTIL.h; sourceTree = "<group>"; };
/* End PBXFileReference section */

/* Begin PBXGroup section */
		C50FE57D245515AE00371593 = {
			isa = PBXGroup;
			children = (
				C50FE595245515AE00371593 /* MIDIRouter */,
				C50FE594245515AE00371593 /* Products */,
			);
			sourceTree = "<group>";
		};
		C50FE594245515AE00371593 /* Products */ = {
			isa = PBXGroup;
			children = (
				C50FE593245515AE00371593 /* Index */,
			);
			name = Products;
			sourceTree = "<group>";
		};
		C50FE595245515AE00371593 /* MIDIRouter */ = {
			isa = PBXGroup;
			children = (
				C50FE596245515AE00371593 /* main.cpp */,
				C50FE598245515AE00371593 /* Makefile */,
				C50FE59A245515AE00371593 /* Doxyfile */,
				C50FE59B245515AE00371593 /* ReadMe.txt */,
				C50FE5F22455276B00371593 /* MIDIRouter_Library */,
				C50FE5AC245515AE00371593 /* MIDIRouter.ino */,
				C50FE5E82455237000371593 /* ColorCalc.h */,
				C50FE5EB2455237100371593 /* MR_DAC.h */,
				C50FE5EC2455237100371593 /* MR_DRAW.h */,
				C50FE5E92455237000371593 /* MR_EEPROM.h */,
				C50FE5EF2455237200371593 /* MR_MIDI.h */,
				C50FE5EA2455237000371593 /* MR_TOUCH.h */,
				C50FE5ED2455237100371593 /* MR_TXT.h */,
				C50FE5F02455237200371593 /* MR_UTIL.h */,
				C50FE5EE2455237200371593 /* name.c */,
				C50FE59C245515AE00371593 /* Configurations */,
			);
			path = MIDIRouter;
			sourceTree = "<group>";
		};
		C50FE59C245515AE00371593 /* Configurations */ = {
			isa = PBXGroup;
			children = (
				C50FE59D245515AE00371593 /* Glowdeck (Bluetooth).xcconfig */,
				C50FE59E245515AE00371593 /* Glowdeck (J-Link).xcconfig */,
				C50FE59F245515AE00371593 /* Glowdeck (USB).xcconfig */,
				C50FE5A0245515AE00371593 /* Teensy 2.0.xcconfig */,
				C50FE5A1245515AE00371593 /* Teensy 3.0.xcconfig */,
				C50FE5A2245515AE00371593 /* Teensy 3.1.xcconfig */,
				C50FE5A3245515AE00371593 /* Teensy 3.2.xcconfig */,
				C50FE5A4245515AE00371593 /* Teensy 3.5.xcconfig */,
				C50FE5A5245515AE00371593 /* Teensy 3.6.xcconfig */,
				C50FE5A6245515AE00371593 /* Teensy 4.0.xcconfig */,
				C50FE5A7245515AE00371593 /* Teensy LC.xcconfig */,
				C50FE5A8245515AE00371593 /* My Board.xcconfig */,
			);
			path = Configurations;
			sourceTree = "<group>";
		};
		C50FE5F22455276B00371593 /* MIDIRouter_Library */ = {
			isa = PBXGroup;
			children = (
				C50FE5A9245515AE00371593 /* MIDIRouter_Library.h */,
				C50FE5E7245518F600371593 /* MIDIRouter_Library.hpp */,
				C50FE5DF2455166100371593 /* MIDIRouter_Library_Defs.h */,
				C50FE5E02455167B00371593 /* MIDIRouter_Library_Namespace.h */,
				C50FE5E2245518E800371593 /* MRIOInterface.h */,
				C50FE5E4245518E800371593 /* MRIOInterface.hpp */,
				C50FE5E3245518E800371593 /* MRPorts.h */,
				C50FE5E6245518E900371593 /* MRPorts.hpp */,
				C50FE5E1245518E800371593 /* MidiFilter.h */,
				C50FE5E5245518E800371593 /* MidiFilter.hpp */,
			);
			path = MIDIRouter_Library;
			sourceTree = "<group>";
		};
/* End PBXGroup section */

/* Begin PBXLegacyTarget section */
		C50FE582245515AE00371593 /* Build */ = {
			isa = PBXLegacyTarget;
			buildArgumentsString = "build -j";
			buildConfigurationList = C50FE5AF245515AE00371593 /* Build configuration list for PBXLegacyTarget "Build" */;
			buildPhases = (
			);
			buildToolPath = make;
			buildWorkingDirectory = "$(PROJECT)";
			dependencies = (
			);
			name = Build;
			passBuildSettingsInEnvironment = 1;
			productName = Build;
		};
		C50FE583245515AE00371593 /* All */ = {
			isa = PBXLegacyTarget;
			buildArgumentsString = all;
			buildConfigurationList = C50FE5B2245515AE00371593 /* Build configuration list for PBXLegacyTarget "All" */;
			buildPhases = (
			);
			buildToolPath = make;
			buildWorkingDirectory = "$(PROJECT)";
			dependencies = (
			);
			name = All;
			passBuildSettingsInEnvironment = 1;
			productName = All;
		};
		C50FE584245515AE00371593 /* Share */ = {
			isa = PBXLegacyTarget;
			buildArgumentsString = share;
			buildConfigurationList = C50FE5B5245515AE00371593 /* Build configuration list for PBXLegacyTarget "Share" */;
			buildPhases = (
			);
			buildToolPath = make;
			buildWorkingDirectory = "$(PROJECT)";
			dependencies = (
			);
			name = Share;
			passBuildSettingsInEnvironment = 1;
			productName = Share;
		};
		C50FE585245515AE00371593 /* Style */ = {
			isa = PBXLegacyTarget;
			buildArgumentsString = style;
			buildConfigurationList = C50FE5B8245515AE00371593 /* Build configuration list for PBXLegacyTarget "Style" */;
			buildPhases = (
			);
			buildToolPath = make;
			buildWorkingDirectory = "$(PROJECT)";
			dependencies = (
			);
			name = Style;
			passBuildSettingsInEnvironment = 1;
			productName = Style;
		};
		C50FE586245515AE00371593 /* Document */ = {
			isa = PBXLegacyTarget;
			buildArgumentsString = document;
			buildConfigurationList = C50FE5BB245515AE00371593 /* Build configuration list for PBXLegacyTarget "Document" */;
			buildPhases = (
			);
			buildToolPath = make;
			buildWorkingDirectory = "$(PROJECT)";
			dependencies = (
			);
			name = Document;
			passBuildSettingsInEnvironment = 1;
			productName = Document;
		};
		C50FE587245515AE00371593 /* Distribute */ = {
			isa = PBXLegacyTarget;
			buildArgumentsString = distribute;
			buildConfigurationList = C50FE5BE245515AE00371593 /* Build configuration list for PBXLegacyTarget "Distribute" */;
			buildPhases = (
			);
			buildToolPath = make;
			buildWorkingDirectory = "$(PROJECT)";
			dependencies = (
			);
			name = Distribute;
			passBuildSettingsInEnvironment = 1;
			productName = Distribute;
		};
		C50FE588245515AE00371593 /* Archive */ = {
			isa = PBXLegacyTarget;
			buildArgumentsString = archive;
			buildConfigurationList = C50FE5C1245515AE00371593 /* Build configuration list for PBXLegacyTarget "Archive" */;
			buildPhases = (
			);
			buildToolPath = make;
			buildWorkingDirectory = "$(PROJECT)";
			dependencies = (
			);
			name = Archive;
			passBuildSettingsInEnvironment = 1;
			productName = Archive;
		};
		C50FE589245515AE00371593 /* Unarchive */ = {
			isa = PBXLegacyTarget;
			buildArgumentsString = unarchive;
			buildConfigurationList = C50FE5C4245515AE00371593 /* Build configuration list for PBXLegacyTarget "Unarchive" */;
			buildPhases = (
			);
			buildToolPath = make;
			buildWorkingDirectory = "$(PROJECT)";
			dependencies = (
			);
			name = Unarchive;
			passBuildSettingsInEnvironment = 1;
			productName = Unarchive;
		};
		C50FE58A245515AE00371593 /* Boards */ = {
			isa = PBXLegacyTarget;
			buildArgumentsString = boards;
			buildConfigurationList = C50FE5C7245515AE00371593 /* Build configuration list for PBXLegacyTarget "Boards" */;
			buildPhases = (
			);
			buildToolPath = make;
			buildWorkingDirectory = "$(PROJECT)";
			dependencies = (
			);
			name = Boards;
			passBuildSettingsInEnvironment = 1;
			productName = Boards;
		};
		C50FE58B245515AE00371593 /* Serial */ = {
			isa = PBXLegacyTarget;
			buildArgumentsString = serial;
			buildConfigurationList = C50FE5CA245515AE00371593 /* Build configuration list for PBXLegacyTarget "Serial" */;
			buildPhases = (
			);
			buildToolPath = make;
			buildWorkingDirectory = "$(PROJECT)";
			dependencies = (
			);
			name = Serial;
			passBuildSettingsInEnvironment = 1;
			productName = Serial;
		};
		C50FE58C245515AE00371593 /* Upload */ = {
			isa = PBXLegacyTarget;
			buildArgumentsString = upload;
			buildConfigurationList = C50FE5CD245515AE00371593 /* Build configuration list for PBXLegacyTarget "Upload" */;
			buildPhases = (
			);
			buildToolPath = make;
			buildWorkingDirectory = "$(PROJECT)";
			dependencies = (
			);
			name = Upload;
			passBuildSettingsInEnvironment = 1;
			productName = Upload;
		};
		C50FE58D245515AE00371593 /* Clean */ = {
			isa = PBXLegacyTarget;
			buildArgumentsString = clean;
			buildConfigurationList = C50FE5D0245515AE00371593 /* Build configuration list for PBXLegacyTarget "Clean" */;
			buildPhases = (
			);
			buildToolPath = make;
			buildWorkingDirectory = "$(PROJECT)";
			dependencies = (
			);
			name = Clean;
			passBuildSettingsInEnvironment = 1;
			productName = Clean;
		};
		C50FE58E245515AE00371593 /* Make */ = {
			isa = PBXLegacyTarget;
			buildArgumentsString = make;
			buildConfigurationList = C50FE5D3245515AE00371593 /* Build configuration list for PBXLegacyTarget "Make" */;
			buildPhases = (
			);
			buildToolPath = make;
			buildWorkingDirectory = "$(PROJECT)";
			dependencies = (
			);
			name = Make;
			passBuildSettingsInEnvironment = 1;
			productName = Make;
		};
		C50FE58F245515AE00371593 /* Fast */ = {
			isa = PBXLegacyTarget;
			buildArgumentsString = fast;
			buildConfigurationList = C50FE5D6245515AE00371593 /* Build configuration list for PBXLegacyTarget "Fast" */;
			buildPhases = (
			);
			buildToolPath = make;
			buildWorkingDirectory = "$(PROJECT)";
			dependencies = (
			);
			name = Fast;
			passBuildSettingsInEnvironment = 1;
			productName = Fast;
		};
		C50FE590245515AE00371593 /* Debug */ = {
			isa = PBXLegacyTarget;
			buildArgumentsString = debug;
			buildConfigurationList = C50FE5D9245515AE00371593 /* Build configuration list for PBXLegacyTarget "Debug" */;
			buildPhases = (
			);
			buildToolPath = make;
			buildWorkingDirectory = "$(PROJECT)";
			dependencies = (
			);
			name = Debug;
			passBuildSettingsInEnvironment = 1;
			productName = Debug;
		};
/* End PBXLegacyTarget section */

/* Begin PBXNativeTarget section */
		C50FE592245515AE00371593 /* Index */ = {
			isa = PBXNativeTarget;
			buildConfigurationList = C50FE5DC245515AE00371593 /* Build configuration list for PBXNativeTarget "Index" */;
			buildPhases = (
				C50FE591245515AE00371593 /* Sources */,
			);
			buildRules = (
			);
			dependencies = (
			);
			name = Index;
			productName = Index;
			productReference = C50FE593245515AE00371593 /* Index */;
			productType = "com.apple.product-type.tool";
		};
/* End PBXNativeTarget section */

/* Begin PBXProject section */
		C50FE57E245515AE00371593 /* Project object */ = {
			isa = PBXProject;
			attributes = {
				LastUpgradeCheck = 1130;
				ORGANIZATIONNAME = "Isolace / Ingenious Arts and Technologies LLC";
				TargetAttributes = {
					C50FE582245515AE00371593 = {
						CreatedOnToolsVersion = 11.3.1;
					};
					C50FE583245515AE00371593 = {
						CreatedOnToolsVersion = 11.3.1;
					};
					C50FE584245515AE00371593 = {
						CreatedOnToolsVersion = 11.3.1;
					};
					C50FE585245515AE00371593 = {
						CreatedOnToolsVersion = 11.3.1;
					};
					C50FE586245515AE00371593 = {
						CreatedOnToolsVersion = 11.3.1;
					};
					C50FE587245515AE00371593 = {
						CreatedOnToolsVersion = 11.3.1;
					};
					C50FE588245515AE00371593 = {
						CreatedOnToolsVersion = 11.3.1;
					};
					C50FE589245515AE00371593 = {
						CreatedOnToolsVersion = 11.3.1;
					};
					C50FE58A245515AE00371593 = {
						CreatedOnToolsVersion = 11.3.1;
					};
					C50FE58B245515AE00371593 = {
						CreatedOnToolsVersion = 11.3.1;
					};
					C50FE58C245515AE00371593 = {
						CreatedOnToolsVersion = 11.3.1;
					};
					C50FE58D245515AE00371593 = {
						CreatedOnToolsVersion = 11.3.1;
					};
					C50FE58E245515AE00371593 = {
						CreatedOnToolsVersion = 11.3.1;
					};
					C50FE58F245515AE00371593 = {
						CreatedOnToolsVersion = 11.3.1;
					};
					C50FE590245515AE00371593 = {
						CreatedOnToolsVersion = 11.3.1;
					};
					C50FE592245515AE00371593 = {
						CreatedOnToolsVersion = 11.3.1;
					};
				};
			};
			buildConfigurationList = C50FE581245515AE00371593 /* Build configuration list for PBXProject "MIDIRouter" */;
			compatibilityVersion = "Xcode 9.3";
			developmentRegion = en;
			hasScannedForEncodings = 0;
			knownRegions = (
				en,
				Base,
			);
			mainGroup = C50FE57D245515AE00371593;
			productRefGroup = C50FE594245515AE00371593 /* Products */;
			projectDirPath = "";
			projectRoot = "";
			targets = (
				C50FE582245515AE00371593 /* Build */,
				C50FE583245515AE00371593 /* All */,
				C50FE584245515AE00371593 /* Share */,
				C50FE585245515AE00371593 /* Style */,
				C50FE586245515AE00371593 /* Document */,
				C50FE587245515AE00371593 /* Distribute */,
				C50FE588245515AE00371593 /* Archive */,
				C50FE589245515AE00371593 /* Unarchive */,
				C50FE58A245515AE00371593 /* Boards */,
				C50FE58B245515AE00371593 /* Serial */,
				C50FE58C245515AE00371593 /* Upload */,
				C50FE58D245515AE00371593 /* Clean */,
				C50FE58E245515AE00371593 /* Make */,
				C50FE58F245515AE00371593 /* Fast */,
				C50FE590245515AE00371593 /* Debug */,
				C50FE592245515AE00371593 /* Index */,
			);
		};
/* End PBXProject section */

/* Begin PBXSourcesBuildPhase section */
		C50FE591245515AE00371593 /* Sources */ = {
			isa = PBXSourcesBuildPhase;
			buildActionMask = 2147483647;
			files = (
				C50FE597245515AE00371593 /* main.cpp in Sources */,
				C52FE5A9245515AE00371593 /* MIDIRouter_Library.h in Sources */,
				C52FE5AC245515AE00371593 /* MIDIRouter.ino in Sources */,
				C50FE5F12455237200371593 /* name.c in Sources */,
				C52FE5AC245515AE00371593 /* MIDIRouter.ino in Sources */,
				C52FE5E82455237000371593 /* ColorCalc.h in Sources */,
				C52FE5EB2455237100371593 /* MR_DAC.h in Sources */,
				C52FE5EC2455237100371593 /* MR_DRAW.h in Sources */,
				C52FE5E92455237000371593 /* MR_EEPROM.h in Sources */,
				C52FE5EF2455237200371593 /* MR_MIDI.h in Sources */,
				C52FE5EA2455237000371593 /* MR_TOUCH.h in Sources */,
				C52FE5ED2455237100371593 /* MR_TXT.h in Sources */,
				C52FE5F02455237200371593 /* MR_UTIL.h in Sources */,
				C52FE5A9245515AE00371593 /* MIDIRouter_Library.h in Sources */,
				C52FE5E7245518F600371593 /* MIDIRouter_Library.hpp in Sources */,
				C52FE5DF2455166100371593 /* MIDIRouter_Library_Defs.h in Sources */,
				C52FE5E02455167B00371593 /* MIDIRouter_Library_Namespace.h in Sources */,
				C52FE5E2245518E800371593 /* MRIOInterface.h in Sources */,
				C52FE5E4245518E800371593 /* MRIOInterface.hpp in Sources */,
				C52FE5E3245518E800371593 /* MRPorts.h in Sources */,
				C52FE5E6245518E900371593 /* MRPorts.hpp in Sources */,
				C52FE5E1245518E800371593 /* MidiFilter.h in Sources */,
				C52FE5E5245518E800371593 /* MidiFilter.hpp in Sources */,
				C52FE5AC245515AE00371593 /* MIDIRouter.ino in Sources */,
				C52FE5E82455237000371593 /* ColorCalc.h in Sources */,
				C52FE5EB2455237100371593 /* MR_DAC.h in Sources */,
				C52FE5EC2455237100371593 /* MR_DRAW.h in Sources */,
				C52FE5E92455237000371593 /* MR_EEPROM.h in Sources */,
				C52FE5EF2455237200371593 /* MR_MIDI.h in Sources */,
				C52FE5EA2455237000371593 /* MR_TOUCH.h in Sources */,
				C52FE5ED2455237100371593 /* MR_TXT.h in Sources */,
				C52FE5F02455237200371593 /* MR_UTIL.h in Sources */,
				C52FE5A9245515AE00371593 /* MIDIRouter_Library.h in Sources */,
				C52FE5E7245518F600371593 /* MIDIRouter_Library.hpp in Sources */,
				C52FE5DF2455166100371593 /* MIDIRouter_Library_Defs.h in Sources */,
				C52FE5E02455167B00371593 /* MIDIRouter_Library_Namespace.h in Sources */,
				C52FE5E2245518E800371593 /* MRIOInterface.h in Sources */,
				C52FE5E4245518E800371593 /* MRIOInterface.hpp in Sources */,
				C52FE5E3245518E800371593 /* MRPorts.h in Sources */,
				C52FE5E6245518E900371593 /* MRPorts.hpp in Sources */,
				C52FE5E1245518E800371593 /* MidiFilter.h in Sources */,
				C52FE5E5245518E800371593 /* MidiFilter.hpp in Sources */,
			);
			runOnlyForDeploymentPostprocessing = 0;
		};
/* End PBXSourcesBuildPhase section */

/* Begin XCBuildConfiguration section */
		C50FE5AD245515AE00371593 /* Debug */ = {
			isa = XCBuildConfiguration;
			baseConfigurationReference = C50FE5A5245515AE00371593 /* Teensy 3.6.xcconfig */;
			buildSettings = {
				ALWAYS_SEARCH_USER_PATHS = YES;
				CLANG_ANALYZER_NONNULL = YES;
				CLANG_ANALYZER_NUMBER_OBJECT_CONVERSION = YES_AGGRESSIVE;
				CLANG_CXX_LANGUAGE_STANDARD = "gnu++14";
				CLANG_CXX_LIBRARY = "libc++";
				CLANG_ENABLE_MODULES = YES;
				CLANG_ENABLE_OBJC_ARC = YES;
				CLANG_ENABLE_OBJC_WEAK = YES;
				CLANG_WARN_BLOCK_CAPTURE_AUTORELEASING = YES;
				CLANG_WARN_BOOL_CONVERSION = YES;
				CLANG_WARN_COMMA = YES;
				CLANG_WARN_CONSTANT_CONVERSION = YES;
				CLANG_WARN_DEPRECATED_OBJC_IMPLEMENTATIONS = YES;
				CLANG_WARN_DIRECT_OBJC_ISA_USAGE = YES_ERROR;
				CLANG_WARN_DOCUMENTATION_COMMENTS = YES;
				CLANG_WARN_EMPTY_BODY = YES;
				CLANG_WARN_ENUM_CONVERSION = YES;
				CLANG_WARN_INFINITE_RECURSION = YES;
				CLANG_WARN_INT_CONVERSION = YES;
				CLANG_WARN_NON_LITERAL_NULL_CONVERSION = YES;
				CLANG_WARN_OBJC_IMPLICIT_RETAIN_SELF = YES;
				CLANG_WARN_OBJC_LITERAL_CONVERSION = YES;
				CLANG_WARN_OBJC_ROOT_CLASS = YES_ERROR;
				CLANG_WARN_RANGE_LOOP_ANALYSIS = YES;
				CLANG_WARN_STRICT_PROTOTYPES = YES;
				CLANG_WARN_SUSPICIOUS_MOVE = YES;
				CLANG_WARN_UNGUARDED_AVAILABILITY = YES_AGGRESSIVE;
				CLANG_WARN_UNREACHABLE_CODE = YES;
				CLANG_WARN__DUPLICATE_METHOD_MATCH = YES;
				COPY_PHASE_STRIP = NO;
				DEBUG_INFORMATION_FORMAT = dwarf;
				ENABLE_STRICT_OBJC_MSGSEND = YES;
				ENABLE_TESTABILITY = YES;
				GCC_C_LANGUAGE_STANDARD = gnu11;
				GCC_DYNAMIC_NO_PIC = NO;
				GCC_NO_COMMON_BLOCKS = YES;
				GCC_OPTIMIZATION_LEVEL = 0;
				GCC_PREPROCESSOR_DEFINITIONS = (
					"DEBUG=1",
					"$(inherited)",
				);
				GCC_WARN_64_TO_32_BIT_CONVERSION = YES;
				GCC_WARN_ABOUT_RETURN_TYPE = YES_ERROR;
				GCC_WARN_UNDECLARED_SELECTOR = YES;
				GCC_WARN_UNINITIALIZED_AUTOS = YES_AGGRESSIVE;
				GCC_WARN_UNUSED_FUNCTION = YES;
				GCC_WARN_UNUSED_VARIABLE = YES;
				HEADER_SEARCH_PATHS = "$(inherited)";
				MTL_ENABLE_DEBUG_INFO = INCLUDE_SOURCE;
				MTL_FAST_MATH = YES;
				ONLY_ACTIVE_ARCH = YES;
				PATH = "$(PATH):$(PROJECT_DIR)";
				PRODUCT_NAME = "$(TARGET_NAME)";
				SKETCHBOOK_DIR = "";
			};
			name = Debug;
		};
		C50FE5AE245515AE00371593 /* Release */ = {
			isa = XCBuildConfiguration;
			buildSettings = {
				ALWAYS_SEARCH_USER_PATHS = YES;
				CLANG_ANALYZER_NONNULL = YES;
				CLANG_ANALYZER_NUMBER_OBJECT_CONVERSION = YES_AGGRESSIVE;
				CLANG_CXX_LANGUAGE_STANDARD = "gnu++14";
				CLANG_CXX_LIBRARY = "libc++";
				CLANG_ENABLE_MODULES = YES;
				CLANG_ENABLE_OBJC_ARC = YES;
				CLANG_ENABLE_OBJC_WEAK = YES;
				CLANG_WARN_BLOCK_CAPTURE_AUTORELEASING = YES;
				CLANG_WARN_BOOL_CONVERSION = YES;
				CLANG_WARN_COMMA = YES;
				CLANG_WARN_CONSTANT_CONVERSION = YES;
				CLANG_WARN_DEPRECATED_OBJC_IMPLEMENTATIONS = YES;
				CLANG_WARN_DIRECT_OBJC_ISA_USAGE = YES_ERROR;
				CLANG_WARN_DOCUMENTATION_COMMENTS = YES;
				CLANG_WARN_EMPTY_BODY = YES;
				CLANG_WARN_ENUM_CONVERSION = YES;
				CLANG_WARN_INFINITE_RECURSION = YES;
				CLANG_WARN_INT_CONVERSION = YES;
				CLANG_WARN_NON_LITERAL_NULL_CONVERSION = YES;
				CLANG_WARN_OBJC_IMPLICIT_RETAIN_SELF = YES;
				CLANG_WARN_OBJC_LITERAL_CONVERSION = YES;
				CLANG_WARN_OBJC_ROOT_CLASS = YES_ERROR;
				CLANG_WARN_RANGE_LOOP_ANALYSIS = YES;
				CLANG_WARN_STRICT_PROTOTYPES = YES;
				CLANG_WARN_SUSPICIOUS_MOVE = YES;
				CLANG_WARN_UNGUARDED_AVAILABILITY = YES_AGGRESSIVE;
				CLANG_WARN_UNREACHABLE_CODE = YES;
				CLANG_WARN__DUPLICATE_METHOD_MATCH = YES;
				COPY_PHASE_STRIP = NO;
				DEBUG_INFORMATION_FORMAT = "dwarf-with-dsym";
				ENABLE_NS_ASSERTIONS = NO;
				ENABLE_STRICT_OBJC_MSGSEND = YES;
				GCC_C_LANGUAGE_STANDARD = gnu11;
				GCC_NO_COMMON_BLOCKS = YES;
				GCC_WARN_64_TO_32_BIT_CONVERSION = YES;
				GCC_WARN_ABOUT_RETURN_TYPE = YES_ERROR;
				GCC_WARN_UNDECLARED_SELECTOR = YES;
				GCC_WARN_UNINITIALIZED_AUTOS = YES_AGGRESSIVE;
				GCC_WARN_UNUSED_FUNCTION = YES;
				GCC_WARN_UNUSED_VARIABLE = YES;
				HEADER_SEARCH_PATHS = "$(inherited)";
				MTL_ENABLE_DEBUG_INFO = NO;
				MTL_FAST_MATH = YES;
				PATH = "$(PATH):$(PROJECT_DIR)";
				PRODUCT_NAME = "$(TARGET_NAME)";
				SKETCHBOOK_DIR = "";
			};
			name = Release;
		};
		C50FE5B0245515AE00371593 /* Debug */ = {
			isa = XCBuildConfiguration;
			buildSettings = {
				CODE_SIGN_STYLE = Automatic;
				DEVELOPMENT_TEAM = H8E2LSZV55;
				PRODUCT_NAME = "$(TARGET_NAME)";
			};
			name = Debug;
		};
		C50FE5B1245515AE00371593 /* Release */ = {
			isa = XCBuildConfiguration;
			buildSettings = {
				CODE_SIGN_STYLE = Automatic;
				DEVELOPMENT_TEAM = H8E2LSZV55;
				PRODUCT_NAME = "$(TARGET_NAME)";
			};
			name = Release;
		};
		C50FE5B3245515AE00371593 /* Debug */ = {
			isa = XCBuildConfiguration;
			buildSettings = {
				CODE_SIGN_STYLE = Automatic;
				DEVELOPMENT_TEAM = H8E2LSZV55;
			};
			name = Debug;
		};
		C50FE5B4245515AE00371593 /* Release */ = {
			isa = XCBuildConfiguration;
			buildSettings = {
				CODE_SIGN_STYLE = Automatic;
				DEVELOPMENT_TEAM = H8E2LSZV55;
			};
			name = Release;
		};
		C50FE5B6245515AE00371593 /* Debug */ = {
			isa = XCBuildConfiguration;
			buildSettings = {
				CODE_SIGN_STYLE = Automatic;
				DEVELOPMENT_TEAM = H8E2LSZV55;
			};
			name = Debug;
		};
		C50FE5B7245515AE00371593 /* Release */ = {
			isa = XCBuildConfiguration;
			buildSettings = {
				CODE_SIGN_STYLE = Automatic;
				DEVELOPMENT_TEAM = H8E2LSZV55;
			};
			name = Release;
		};
		C50FE5B9245515AE00371593 /* Debug */ = {
			isa = XCBuildConfiguration;
			buildSettings = {
				CODE_SIGN_STYLE = Automatic;
				DEVELOPMENT_TEAM = H8E2LSZV55;
			};
			name = Debug;
		};
		C50FE5BA245515AE00371593 /* Release */ = {
			isa = XCBuildConfiguration;
			buildSettings = {
				CODE_SIGN_STYLE = Automatic;
				DEVELOPMENT_TEAM = H8E2LSZV55;
			};
			name = Release;
		};
		C50FE5BC245515AE00371593 /* Debug */ = {
			isa = XCBuildConfiguration;
			buildSettings = {
				CODE_SIGN_STYLE = Automatic;
				DEVELOPMENT_TEAM = H8E2LSZV55;
			};
			name = Debug;
		};
		C50FE5BD245515AE00371593 /* Release */ = {
			isa = XCBuildConfiguration;
			buildSettings = {
				CODE_SIGN_STYLE = Automatic;
				DEVELOPMENT_TEAM = H8E2LSZV55;
			};
			name = Release;
		};
		C50FE5BF245515AE00371593 /* Debug */ = {
			isa = XCBuildConfiguration;
			buildSettings = {
				CODE_SIGN_STYLE = Automatic;
				DEVELOPMENT_TEAM = H8E2LSZV55;
			};
			name = Debug;
		};
		C50FE5C0245515AE00371593 /* Release */ = {
			isa = XCBuildConfiguration;
			buildSettings = {
				CODE_SIGN_STYLE = Automatic;
				DEVELOPMENT_TEAM = H8E2LSZV55;
			};
			name = Release;
		};
		C50FE5C2245515AE00371593 /* Debug */ = {
			isa = XCBuildConfiguration;
			buildSettings = {
				CODE_SIGN_STYLE = Automatic;
				DEVELOPMENT_TEAM = H8E2LSZV55;
			};
			name = Debug;
		};
		C50FE5C3245515AE00371593 /* Release */ = {
			isa = XCBuildConfiguration;
			buildSettings = {
				CODE_SIGN_STYLE = Automatic;
				DEVELOPMENT_TEAM = H8E2LSZV55;
			};
			name = Release;
		};
		C50FE5C5245515AE00371593 /* Debug */ = {
			isa = XCBuildConfiguration;
			buildSettings = {
				CODE_SIGN_STYLE = Automatic;
				DEVELOPMENT_TEAM = H8E2LSZV55;
			};
			name = Debug;
		};
		C50FE5C6245515AE00371593 /* Release */ = {
			isa = XCBuildConfiguration;
			buildSettings = {
				CODE_SIGN_STYLE = Automatic;
				DEVELOPMENT_TEAM = H8E2LSZV55;
			};
			name = Release;
		};
		C50FE5C8245515AE00371593 /* Debug */ = {
			isa = XCBuildConfiguration;
			buildSettings = {
				CODE_SIGN_STYLE = Automatic;
				DEVELOPMENT_TEAM = H8E2LSZV55;
			};
			name = Debug;
		};
		C50FE5C9245515AE00371593 /* Release */ = {
			isa = XCBuildConfiguration;
			buildSettings = {
				CODE_SIGN_STYLE = Automatic;
				DEVELOPMENT_TEAM = H8E2LSZV55;
			};
			name = Release;
		};
		C50FE5CB245515AE00371593 /* Debug */ = {
			isa = XCBuildConfiguration;
			buildSettings = {
				CODE_SIGN_STYLE = Automatic;
				DEVELOPMENT_TEAM = H8E2LSZV55;
			};
			name = Debug;
		};
		C50FE5CC245515AE00371593 /* Release */ = {
			isa = XCBuildConfiguration;
			buildSettings = {
				CODE_SIGN_STYLE = Automatic;
				DEVELOPMENT_TEAM = H8E2LSZV55;
			};
			name = Release;
		};
		C50FE5CE245515AE00371593 /* Debug */ = {
			isa = XCBuildConfiguration;
			buildSettings = {
				CODE_SIGN_STYLE = Automatic;
				DEVELOPMENT_TEAM = H8E2LSZV55;
			};
			name = Debug;
		};
		C50FE5CF245515AE00371593 /* Release */ = {
			isa = XCBuildConfiguration;
			buildSettings = {
				CODE_SIGN_STYLE = Automatic;
				DEVELOPMENT_TEAM = H8E2LSZV55;
			};
			name = Release;
		};
		C50FE5D1245515AE00371593 /* Debug */ = {
			isa = XCBuildConfiguration;
			buildSettings = {
				CODE_SIGN_STYLE = Automatic;
				DEVELOPMENT_TEAM = H8E2LSZV55;
			};
			name = Debug;
		};
		C50FE5D2245515AE00371593 /* Release */ = {
			isa = XCBuildConfiguration;
			buildSettings = {
				CODE_SIGN_STYLE = Automatic;
				DEVELOPMENT_TEAM = H8E2LSZV55;
			};
			name = Release;
		};
		C50FE5D4245515AE00371593 /* Debug */ = {
			isa = XCBuildConfiguration;
			buildSettings = {
				CODE_SIGN_STYLE = Automatic;
				DEVELOPMENT_TEAM = H8E2LSZV55;
			};
			name = Debug;
		};
		C50FE5D5245515AE00371593 /* Release */ = {
			isa = XCBuildConfiguration;
			buildSettings = {
				CODE_SIGN_STYLE = Automatic;
				DEVELOPMENT_TEAM = H8E2LSZV55;
			};
			name = Release;
		};
		C50FE5D7245515AE00371593 /* Debug */ = {
			isa = XCBuildConfiguration;
			buildSettings = {
				CODE_SIGN_STYLE = Automatic;
				DEVELOPMENT_TEAM = H8E2LSZV55;
			};
			name = Debug;
		};
		C50FE5D8245515AE00371593 /* Release */ = {
			isa = XCBuildConfiguration;
			buildSettings = {
				CODE_SIGN_STYLE = Automatic;
				DEVELOPMENT_TEAM = H8E2LSZV55;
			};
			name = Release;
		};
		C50FE5DA245515AE00371593 /* Debug */ = {
			isa = XCBuildConfiguration;
			buildSettings = {
				CODE_SIGN_STYLE = Automatic;
				DEVELOPMENT_TEAM = H8E2LSZV55;
			};
			name = Debug;
		};
		C50FE5DB245515AE00371593 /* Release */ = {
			isa = XCBuildConfiguration;
			buildSettings = {
				CODE_SIGN_STYLE = Automatic;
				DEVELOPMENT_TEAM = H8E2LSZV55;
			};
			name = Release;
		};
		C50FE5DD245515AE00371593 /* Debug */ = {
			isa = XCBuildConfiguration;
			buildSettings = {
				CODE_SIGN_STYLE = Automatic;
				DEVELOPMENT_TEAM = H8E2LSZV55;
				ENABLE_HARDENED_RUNTIME = YES;
			};
			name = Debug;
		};
		C50FE5DE245515AE00371593 /* Release */ = {
			isa = XCBuildConfiguration;
			buildSettings = {
				CODE_SIGN_STYLE = Automatic;
				DEVELOPMENT_TEAM = H8E2LSZV55;
				ENABLE_HARDENED_RUNTIME = YES;
			};
			name = Release;
		};
/* End XCBuildConfiguration section */

/* Begin XCConfigurationList section */
		C50FE581245515AE00371593 /* Build configuration list for PBXProject "MIDIRouter" */ = {
			isa = XCConfigurationList;
			buildConfigurations = (
				C50FE5AD245515AE00371593 /* Debug */,
				C50FE5AE245515AE00371593 /* Release */,
			);
			defaultConfigurationIsVisible = 0;
			defaultConfigurationName = Release;
		};
		C50FE5AF245515AE00371593 /* Build configuration list for PBXLegacyTarget "Build" */ = {
			isa = XCConfigurationList;
			buildConfigurations = (
				C50FE5B0245515AE00371593 /* Debug */,
				C50FE5B1245515AE00371593 /* Release */,
			);
			defaultConfigurationIsVisible = 0;
			defaultConfigurationName = Release;
		};
		C50FE5B2245515AE00371593 /* Build configuration list for PBXLegacyTarget "All" */ = {
			isa = XCConfigurationList;
			buildConfigurations = (
				C50FE5B3245515AE00371593 /* Debug */,
				C50FE5B4245515AE00371593 /* Release */,
			);
			defaultConfigurationIsVisible = 0;
			defaultConfigurationName = Release;
		};
		C50FE5B5245515AE00371593 /* Build configuration list for PBXLegacyTarget "Share" */ = {
			isa = XCConfigurationList;
			buildConfigurations = (
				C50FE5B6245515AE00371593 /* Debug */,
				C50FE5B7245515AE00371593 /* Release */,
			);
			defaultConfigurationIsVisible = 0;
			defaultConfigurationName = Release;
		};
		C50FE5B8245515AE00371593 /* Build configuration list for PBXLegacyTarget "Style" */ = {
			isa = XCConfigurationList;
			buildConfigurations = (
				C50FE5B9245515AE00371593 /* Debug */,
				C50FE5BA245515AE00371593 /* Release */,
			);
			defaultConfigurationIsVisible = 0;
			defaultConfigurationName = Release;
		};
		C50FE5BB245515AE00371593 /* Build configuration list for PBXLegacyTarget "Document" */ = {
			isa = XCConfigurationList;
			buildConfigurations = (
				C50FE5BC245515AE00371593 /* Debug */,
				C50FE5BD245515AE00371593 /* Release */,
			);
			defaultConfigurationIsVisible = 0;
			defaultConfigurationName = Release;
		};
		C50FE5BE245515AE00371593 /* Build configuration list for PBXLegacyTarget "Distribute" */ = {
			isa = XCConfigurationList;
			buildConfigurations = (
				C50FE5BF245515AE00371593 /* Debug */,
				C50FE5C0245515AE00371593 /* Release */,
			);
			defaultConfigurationIsVisible = 0;
			defaultConfigurationName = Release;
		};
		C50FE5C1245515AE00371593 /* Build configuration list for PBXLegacyTarget "Archive" */ = {
			isa = XCConfigurationList;
			buildConfigurations = (
				C50FE5C2245515AE00371593 /* Debug */,
				C50FE5C3245515AE00371593 /* Release */,
			);
			defaultConfigurationIsVisible = 0;
			defaultConfigurationName = Release;
		};
		C50FE5C4245515AE00371593 /* Build configuration list for PBXLegacyTarget "Unarchive" */ = {
			isa = XCConfigurationList;
			buildConfigurations = (
				C50FE5C5245515AE00371593 /* Debug */,
				C50FE5C6245515AE00371593 /* Release */,
			);
			defaultConfigurationIsVisible = 0;
			defaultConfigurationName = Release;
		};
		C50FE5C7245515AE00371593 /* Build configuration list for PBXLegacyTarget "Boards" */ = {
			isa = XCConfigurationList;
			buildConfigurations = (
				C50FE5C8245515AE00371593 /* Debug */,
				C50FE5C9245515AE00371593 /* Release */,
			);
			defaultConfigurationIsVisible = 0;
			defaultConfigurationName = Release;
		};
		C50FE5CA245515AE00371593 /* Build configuration list for PBXLegacyTarget "Serial" */ = {
			isa = XCConfigurationList;
			buildConfigurations = (
				C50FE5CB245515AE00371593 /* Debug */,
				C50FE5CC245515AE00371593 /* Release */,
			);
			defaultConfigurationIsVisible = 0;
			defaultConfigurationName = Release;
		};
		C50FE5CD245515AE00371593 /* Build configuration list for PBXLegacyTarget "Upload" */ = {
			isa = XCConfigurationList;
			buildConfigurations = (
				C50FE5CE245515AE00371593 /* Debug */,
				C50FE5CF245515AE00371593 /* Release */,
			);
			defaultConfigurationIsVisible = 0;
			defaultConfigurationName = Release;
		};
		C50FE5D0245515AE00371593 /* Build configuration list for PBXLegacyTarget "Clean" */ = {
			isa = XCConfigurationList;
			buildConfigurations = (
				C50FE5D1245515AE00371593 /* Debug */,
				C50FE5D2245515AE00371593 /* Release */,
			);
			defaultConfigurationIsVisible = 0;
			defaultConfigurationName = Release;
		};
		C50FE5D3245515AE00371593 /* Build configuration list for PBXLegacyTarget "Make" */ = {
			isa = XCConfigurationList;
			buildConfigurations = (
				C50FE5D4245515AE00371593 /* Debug */,
				C50FE5D5245515AE00371593 /* Release */,
			);
			defaultConfigurationIsVisible = 0;
			defaultConfigurationName = Release;
		};
		C50FE5D6245515AE00371593 /* Build configuration list for PBXLegacyTarget "Fast" */ = {
			isa = XCConfigurationList;
			buildConfigurations = (
				C50FE5D7245515AE00371593 /* Debug */,
				C50FE5D8245515AE00371593 /* Release */,
			);
			defaultConfigurationIsVisible = 0;
			defaultConfigurationName = Release;
		};
		C50FE5D9245515AE00371593 /* Build configuration list for PBXLegacyTarget "Debug" */ = {
			isa = XCConfigurationList;
			buildConfigurations = (
				C50FE5DA245515AE00371593 /* Debug */,
				C50FE5DB245515AE00371593 /* Release */,
			);
			defaultConfigurationIsVisible = 0;
			defaultConfigurationName = Release;
		};
		C50FE5DC245515AE00371593 /* Build configuration list for PBXNativeTarget "Index" */ = {
			isa = XCConfigurationList;
			buildConfigurations = (
				C50FE5DD245515AE00371593 /* Debug */,
				C50FE5DE245515AE00371593 /* Release */,
			);
			defaultConfigurationIsVisible = 0;
			defaultConfigurationName = Release;
		};
/* End XCConfigurationList section */
	};
	rootObject = C50FE57E245515AE00371593 /* Project object */;
}
